
Microsoft Visual Studio Solution File, Format Version 12.00
# Visual Studio 15
VisualStudioVersion = 15.0.28010.2050
MinimumVisualStudioVersion = 10.0.40219.1
Project("{FAE04EC0-301F-11D3-BF4B-00C04F79EFBC}") = "WindowsFormsApp1", "WindowsFormsApp1\WindowsFormsApp1.csproj", "{AEF9767F-7480-434B-8583-BBD810253B8D}"
EndProject
Global
	GlobalSection(SolutionConfigurationPlatforms) = preSolution
		Debug|Any CPU = Debug|Any CPU
		Release|Any CPU = Release|Any CPU
	EndGlobalSection
	GlobalSection(ProjectConfigurationPlatforms) = postSolution
		{AEF9767F-7480-434B-8583-BBD810253B8D}.Debug|Any CPU.ActiveCfg = Debug|Any CPU
		{AEF9767F-7480-434B-8583-BBD810253B8D}.Debug|Any CPU.Build.0 = Debug|Any CPU
		{AEF9767F-7480-434B-8583-BBD810253B8D}.Release|Any CPU.ActiveCfg = Release|Any CPU
		{AEF9767F-7480-434B-8583-BBD810253B8D}.Release|Any CPU.Build.0 = Release|Any CPU
	EndGlobalSection
	GlobalSection(SolutionProperties) = preSolution
		HideSolutionNode = FALSE
	EndGlobalSection
	GlobalSection(ExtensibilityGlobals) = postSolution
		SolutionGuid = {C7E111C6-F244-4461-AD46-90CC4E30F20F}
	EndGlobalSection
EndGlobal
